
Microsoft Visual Studio Solution File, Format Version 12.00
# Visual Studio Version 16
VisualStudioVersion = 16.0.30717.126
MinimumVisualStudioVersion = 10.0.40219.1
Project("{FAE04EC0-301F-11D3-BF4B-00C04F79EFBC}") = "autorepair", "autorepair\autorepair.csproj", "{BF911C34-00CE-46AC-830E-9E7521DA0CD7}"
EndProject
Global
	GlobalSection(SolutionConfigurationPlatforms) = preSolution
		Debug|Any CPU = Debug|Any CPU
		Release|Any CPU = Release|Any CPU
	EndGlobalSection
	GlobalSection(ProjectConfigurationPlatforms) = postSolution
		{BF911C34-00CE-46AC-830E-9E7521DA0CD7}.Debug|Any CPU.ActiveCfg = Debug|Any CPU
		{BF911C34-00CE-46AC-830E-9E7521DA0CD7}.Debug|Any CPU.Build.0 = Debug|Any CPU
		{BF911C34-00CE-46AC-830E-9E7521DA0CD7}.Release|Any CPU.ActiveCfg = Release|Any CPU
		{BF911C34-00CE-46AC-830E-9E7521DA0CD7}.Release|Any CPU.Build.0 = Release|Any CPU
	EndGlobalSection
	GlobalSection(SolutionProperties) = preSolution
		HideSolutionNode = FALSE
	EndGlobalSection
	GlobalSection(ExtensibilityGlobals) = postSolution
		SolutionGuid = {8204BCF7-E623-41AF-B363-E6F9FF2274EE}
	EndGlobalSection
EndGlobal
